// !$*UTF8*$!
{
	archiveVersion = 1;
	classes = {
	};
	objectVersion = 51;
	objects = {

/* Begin PBXBuildFile section */
		4556285D2273EF4E00DE9685 /* WeaponPresenter.swift in Sources */ = {isa = PBXBuildFile; fileRef = 455628572273EF4E00DE9685 /* WeaponPresenter.swift */; };
		4556285E2273EF4E00DE9685 /* WeaponRouter.swift in Sources */ = {isa = PBXBuildFile; fileRef = 455628582273EF4E00DE9685 /* WeaponRouter.swift */; };
		4556285F2273EF4E00DE9685 /* WeaponViewController.swift in Sources */ = {isa = PBXBuildFile; fileRef = 455628592273EF4E00DE9685 /* WeaponViewController.swift */; };
		455628602273EF4E00DE9685 /* WeaponProtocols.swift in Sources */ = {isa = PBXBuildFile; fileRef = 4556285A2273EF4E00DE9685 /* WeaponProtocols.swift */; };
		455628612273EF4E00DE9685 /* WeaponInteractor.swift in Sources */ = {isa = PBXBuildFile; fileRef = 4556285B2273EF4E00DE9685 /* WeaponInteractor.swift */; };
		455628622273EF4E00DE9685 /* WeaponViewController.xib in Resources */ = {isa = PBXBuildFile; fileRef = 4556285C2273EF4E00DE9685 /* WeaponViewController.xib */; };
		455628992273EFC800DE9685 /* PodProgramPresenter.swift in Sources */ = {isa = PBXBuildFile; fileRef = 455628932273EFC800DE9685 /* PodProgramPresenter.swift */; };
		4556289A2273EFC800DE9685 /* PodProgramRouter.swift in Sources */ = {isa = PBXBuildFile; fileRef = 455628942273EFC800DE9685 /* PodProgramRouter.swift */; };
		4556289B2273EFC800DE9685 /* PodProgramViewController.swift in Sources */ = {isa = PBXBuildFile; fileRef = 455628952273EFC800DE9685 /* PodProgramViewController.swift */; };
		4556289C2273EFC800DE9685 /* PodProgramProtocols.swift in Sources */ = {isa = PBXBuildFile; fileRef = 455628962273EFC800DE9685 /* PodProgramProtocols.swift */; };
		4556289D2273EFC800DE9685 /* PodProgramInteractor.swift in Sources */ = {isa = PBXBuildFile; fileRef = 455628972273EFC800DE9685 /* PodProgramInteractor.swift */; };
		4556289E2273EFC800DE9685 /* PodProgramViewController.xib in Resources */ = {isa = PBXBuildFile; fileRef = 455628982273EFC800DE9685 /* PodProgramViewController.xib */; };
		4577D9D022751CE4009D87C3 /* BossPresenter.swift in Sources */ = {isa = PBXBuildFile; fileRef = 4577D9CA22751CE4009D87C3 /* BossPresenter.swift */; };
		4577D9D122751CE4009D87C3 /* BossRouter.swift in Sources */ = {isa = PBXBuildFile; fileRef = 4577D9CB22751CE4009D87C3 /* BossRouter.swift */; };
		4577D9D222751CE4009D87C3 /* BossViewController.swift in Sources */ = {isa = PBXBuildFile; fileRef = 4577D9CC22751CE4009D87C3 /* BossViewController.swift */; };
		4577D9D322751CE4009D87C3 /* BossProtocols.swift in Sources */ = {isa = PBXBuildFile; fileRef = 4577D9CD22751CE4009D87C3 /* BossProtocols.swift */; };
		4577D9D422751CE4009D87C3 /* BossInteractor.swift in Sources */ = {isa = PBXBuildFile; fileRef = 4577D9CE22751CE4009D87C3 /* BossInteractor.swift */; };
		4577D9D522751CE4009D87C3 /* BossViewController.xib in Resources */ = {isa = PBXBuildFile; fileRef = 4577D9CF22751CE4009D87C3 /* BossViewController.xib */; };
		4577D9DD22751D53009D87C3 /* AutomataPresenter.swift in Sources */ = {isa = PBXBuildFile; fileRef = 4577D9D722751D53009D87C3 /* AutomataPresenter.swift */; };
		4577D9DE22751D53009D87C3 /* AutomataRouter.swift in Sources */ = {isa = PBXBuildFile; fileRef = 4577D9D822751D53009D87C3 /* AutomataRouter.swift */; };
		4577D9DF22751D53009D87C3 /* AutomataViewController.swift in Sources */ = {isa = PBXBuildFile; fileRef = 4577D9D922751D53009D87C3 /* AutomataViewController.swift */; };
		4577D9E022751D53009D87C3 /* AutomataProtocols.swift in Sources */ = {isa = PBXBuildFile; fileRef = 4577D9DA22751D53009D87C3 /* AutomataProtocols.swift */; };
		4577D9E122751D53009D87C3 /* AutomataInteractor.swift in Sources */ = {isa = PBXBuildFile; fileRef = 4577D9DB22751D53009D87C3 /* AutomataInteractor.swift */; };
		4577D9E222751D53009D87C3 /* AutomataViewController.xib in Resources */ = {isa = PBXBuildFile; fileRef = 4577D9DC22751D53009D87C3 /* AutomataViewController.xib */; };
		45E8CC6B225E8060004147BF /* AppDelegate.swift in Sources */ = {isa = PBXBuildFile; fileRef = 45E8CC6A225E8060004147BF /* AppDelegate.swift */; };
		45E8CC6D225E8060004147BF /* ViewController.swift in Sources */ = {isa = PBXBuildFile; fileRef = 45E8CC6C225E8060004147BF /* ViewController.swift */; };
		45E8CC70225E8060004147BF /* Main.storyboard in Resources */ = {isa = PBXBuildFile; fileRef = 45E8CC6E225E8060004147BF /* Main.storyboard */; };
		45E8CC73225E8060004147BF /* yorha_client_ios.xcdatamodeld in Sources */ = {isa = PBXBuildFile; fileRef = 45E8CC71225E8060004147BF /* yorha_client_ios.xcdatamodeld */; };
		45E8CC75225E8061004147BF /* Assets.xcassets in Resources */ = {isa = PBXBuildFile; fileRef = 45E8CC74225E8061004147BF /* Assets.xcassets */; };
		45E8CC78225E8061004147BF /* LaunchScreen.storyboard in Resources */ = {isa = PBXBuildFile; fileRef = 45E8CC76225E8061004147BF /* LaunchScreen.storyboard */; };
/* End PBXBuildFile section */

/* Begin PBXFileReference section */
		455628572273EF4E00DE9685 /* WeaponPresenter.swift */ = {isa = PBXFileReference; lastKnownFileType = sourcecode.swift; path = WeaponPresenter.swift; sourceTree = "<group>"; };
		455628582273EF4E00DE9685 /* WeaponRouter.swift */ = {isa = PBXFileReference; lastKnownFileType = sourcecode.swift; path = WeaponRouter.swift; sourceTree = "<group>"; };
		455628592273EF4E00DE9685 /* WeaponViewController.swift */ = {isa = PBXFileReference; lastKnownFileType = sourcecode.swift; path = WeaponViewController.swift; sourceTree = "<group>"; };
		4556285A2273EF4E00DE9685 /* WeaponProtocols.swift */ = {isa = PBXFileReference; lastKnownFileType = sourcecode.swift; path = WeaponProtocols.swift; sourceTree = "<group>"; };
		4556285B2273EF4E00DE9685 /* WeaponInteractor.swift */ = {isa = PBXFileReference; lastKnownFileType = sourcecode.swift; path = WeaponInteractor.swift; sourceTree = "<group>"; };
		4556285C2273EF4E00DE9685 /* WeaponViewController.xib */ = {isa = PBXFileReference; lastKnownFileType = file.xib; path = WeaponViewController.xib; sourceTree = "<group>"; };
		455628932273EFC800DE9685 /* PodProgramPresenter.swift */ = {isa = PBXFileReference; lastKnownFileType = sourcecode.swift; path = PodProgramPresenter.swift; sourceTree = "<group>"; };
		455628942273EFC800DE9685 /* PodProgramRouter.swift */ = {isa = PBXFileReference; lastKnownFileType = sourcecode.swift; path = PodProgramRouter.swift; sourceTree = "<group>"; };
		455628952273EFC800DE9685 /* PodProgramViewController.swift */ = {isa = PBXFileReference; lastKnownFileType = sourcecode.swift; path = PodProgramViewController.swift; sourceTree = "<group>"; };
		455628962273EFC800DE9685 /* PodProgramProtocols.swift */ = {isa = PBXFileReference; lastKnownFileType = sourcecode.swift; path = PodProgramProtocols.swift; sourceTree = "<group>"; };
		455628972273EFC800DE9685 /* PodProgramInteractor.swift */ = {isa = PBXFileReference; lastKnownFileType = sourcecode.swift; path = PodProgramInteractor.swift; sourceTree = "<group>"; };
		455628982273EFC800DE9685 /* PodProgramViewController.xib */ = {isa = PBXFileReference; lastKnownFileType = file.xib; path = PodProgramViewController.xib; sourceTree = "<group>"; };
		4577D9CA22751CE4009D87C3 /* BossPresenter.swift */ = {isa = PBXFileReference; lastKnownFileType = sourcecode.swift; path = BossPresenter.swift; sourceTree = "<group>"; };
		4577D9CB22751CE4009D87C3 /* BossRouter.swift */ = {isa = PBXFileReference; lastKnownFileType = sourcecode.swift; path = BossRouter.swift; sourceTree = "<group>"; };
		4577D9CC22751CE4009D87C3 /* BossViewController.swift */ = {isa = PBXFileReference; lastKnownFileType = sourcecode.swift; path = BossViewController.swift; sourceTree = "<group>"; };
		4577D9CD22751CE4009D87C3 /* BossProtocols.swift */ = {isa = PBXFileReference; lastKnownFileType = sourcecode.swift; path = BossProtocols.swift; sourceTree = "<group>"; };
		4577D9CE22751CE4009D87C3 /* BossInteractor.swift */ = {isa = PBXFileReference; lastKnownFileType = sourcecode.swift; path = BossInteractor.swift; sourceTree = "<group>"; };
		4577D9CF22751CE4009D87C3 /* BossViewController.xib */ = {isa = PBXFileReference; lastKnownFileType = file.xib; path = BossViewController.xib; sourceTree = "<group>"; };
		4577D9D722751D53009D87C3 /* AutomataPresenter.swift */ = {isa = PBXFileReference; lastKnownFileType = sourcecode.swift; path = AutomataPresenter.swift; sourceTree = "<group>"; };
		4577D9D822751D53009D87C3 /* AutomataRouter.swift */ = {isa = PBXFileReference; lastKnownFileType = sourcecode.swift; path = AutomataRouter.swift; sourceTree = "<group>"; };
		4577D9D922751D53009D87C3 /* AutomataViewController.swift */ = {isa = PBXFileReference; lastKnownFileType = sourcecode.swift; path = AutomataViewController.swift; sourceTree = "<group>"; };
		4577D9DA22751D53009D87C3 /* AutomataProtocols.swift */ = {isa = PBXFileReference; lastKnownFileType = sourcecode.swift; path = AutomataProtocols.swift; sourceTree = "<group>"; };
		4577D9DB22751D53009D87C3 /* AutomataInteractor.swift */ = {isa = PBXFileReference; lastKnownFileType = sourcecode.swift; path = AutomataInteractor.swift; sourceTree = "<group>"; };
		4577D9DC22751D53009D87C3 /* AutomataViewController.xib */ = {isa = PBXFileReference; lastKnownFileType = file.xib; path = AutomataViewController.xib; sourceTree = "<group>"; };
		45E8CC67225E8060004147BF /* yorha-client-ios.app */ = {isa = PBXFileReference; explicitFileType = wrapper.application; includeInIndex = 0; path = "yorha-client-ios.app"; sourceTree = BUILT_PRODUCTS_DIR; };
		45E8CC6A225E8060004147BF /* AppDelegate.swift */ = {isa = PBXFileReference; lastKnownFileType = sourcecode.swift; path = AppDelegate.swift; sourceTree = "<group>"; };
		45E8CC6C225E8060004147BF /* ViewController.swift */ = {isa = PBXFileReference; lastKnownFileType = sourcecode.swift; path = ViewController.swift; sourceTree = "<group>"; };
		45E8CC6F225E8060004147BF /* Base */ = {isa = PBXFileReference; lastKnownFileType = file.storyboard; name = Base; path = Base.lproj/Main.storyboard; sourceTree = "<group>"; };
		45E8CC72225E8060004147BF /* yorha_client_ios.xcdatamodel */ = {isa = PBXFileReference; lastKnownFileType = wrapper.xcdatamodel; path = yorha_client_ios.xcdatamodel; sourceTree = "<group>"; };
		45E8CC74225E8061004147BF /* Assets.xcassets */ = {isa = PBXFileReference; lastKnownFileType = folder.assetcatalog; path = Assets.xcassets; sourceTree = "<group>"; };
		45E8CC77225E8061004147BF /* Base */ = {isa = PBXFileReference; lastKnownFileType = file.storyboard; name = Base; path = Base.lproj/LaunchScreen.storyboard; sourceTree = "<group>"; };
		45E8CC79225E8061004147BF /* Info.plist */ = {isa = PBXFileReference; lastKnownFileType = text.plist.xml; path = Info.plist; sourceTree = "<group>"; };
/* End PBXFileReference section */

/* Begin PBXFrameworksBuildPhase section */
		45E8CC64225E8060004147BF /* Frameworks */ = {
			isa = PBXFrameworksBuildPhase;
			buildActionMask = 2147483647;
			files = (
			);
			runOnlyForDeploymentPostprocessing = 0;
		};
/* End PBXFrameworksBuildPhase section */

/* Begin PBXGroup section */
		452856592273ECAE00ABCB89 /* Modules */ = {
			isa = PBXGroup;
			children = (
				4577D9D622751D3E009D87C3 /* Automatas */,
				4577D9C922751C8E009D87C3 /* Bosses */,
				455628562273EF3000DE9685 /* PodPrograms */,
				455628542273EF1800DE9685 /* Weapons */,
			);
			path = Modules;
			sourceTree = "<group>";
		};
		455628542273EF1800DE9685 /* Weapons */ = {
			isa = PBXGroup;
			children = (
				455628572273EF4E00DE9685 /* WeaponPresenter.swift */,
				455628582273EF4E00DE9685 /* WeaponRouter.swift */,
				455628592273EF4E00DE9685 /* WeaponViewController.swift */,
				4556285A2273EF4E00DE9685 /* WeaponProtocols.swift */,
				4556285B2273EF4E00DE9685 /* WeaponInteractor.swift */,
				4556285C2273EF4E00DE9685 /* WeaponViewController.xib */,
			);
			path = Weapons;
			sourceTree = "<group>";
		};
		455628562273EF3000DE9685 /* PodPrograms */ = {
			isa = PBXGroup;
			children = (
				455628932273EFC800DE9685 /* PodProgramPresenter.swift */,
				455628942273EFC800DE9685 /* PodProgramRouter.swift */,
				455628952273EFC800DE9685 /* PodProgramViewController.swift */,
				455628962273EFC800DE9685 /* PodProgramProtocols.swift */,
				455628972273EFC800DE9685 /* PodProgramInteractor.swift */,
				455628982273EFC800DE9685 /* PodProgramViewController.xib */,
			);
			path = PodPrograms;
			sourceTree = "<group>";
		};
		4577D9C922751C8E009D87C3 /* Bosses */ = {
			isa = PBXGroup;
			children = (
				4577D9CA22751CE4009D87C3 /* BossPresenter.swift */,
				4577D9CB22751CE4009D87C3 /* BossRouter.swift */,
				4577D9CC22751CE4009D87C3 /* BossViewController.swift */,
				4577D9CD22751CE4009D87C3 /* BossProtocols.swift */,
				4577D9CE22751CE4009D87C3 /* BossInteractor.swift */,
				4577D9CF22751CE4009D87C3 /* BossViewController.xib */,
			);
			path = Bosses;
			sourceTree = "<group>";
		};
		4577D9D622751D3E009D87C3 /* Automatas */ = {
			isa = PBXGroup;
			children = (
				4577D9D722751D53009D87C3 /* AutomataPresenter.swift */,
				4577D9D822751D53009D87C3 /* AutomataRouter.swift */,
				4577D9D922751D53009D87C3 /* AutomataViewController.swift */,
				4577D9DA22751D53009D87C3 /* AutomataProtocols.swift */,
				4577D9DB22751D53009D87C3 /* AutomataInteractor.swift */,
				4577D9DC22751D53009D87C3 /* AutomataViewController.xib */,
			);
			path = Automatas;
			sourceTree = "<group>";
		};
		45E8CC5E225E8060004147BF = {
			isa = PBXGroup;
			children = (
				45E8CC69225E8060004147BF /* yorha-client-ios */,
				45E8CC68225E8060004147BF /* Products */,
			);
			sourceTree = "<group>";
		};
		45E8CC68225E8060004147BF /* Products */ = {
			isa = PBXGroup;
			children = (
				45E8CC67225E8060004147BF /* yorha-client-ios.app */,
			);
			name = Products;
			sourceTree = "<group>";
		};
		45E8CC69225E8060004147BF /* yorha-client-ios */ = {
			isa = PBXGroup;
			children = (
				452856592273ECAE00ABCB89 /* Modules */,
				45E8CC6A225E8060004147BF /* AppDelegate.swift */,
				45E8CC6C225E8060004147BF /* ViewController.swift */,
				45E8CC6E225E8060004147BF /* Main.storyboard */,
				45E8CC74225E8061004147BF /* Assets.xcassets */,
				45E8CC76225E8061004147BF /* LaunchScreen.storyboard */,
				45E8CC79225E8061004147BF /* Info.plist */,
				45E8CC71225E8060004147BF /* yorha_client_ios.xcdatamodeld */,
			);
			path = "yorha-client-ios";
			sourceTree = "<group>";
		};
/* End PBXGroup section */

/* Begin PBXNativeTarget section */
		45E8CC66225E8060004147BF /* yorha-client-ios */ = {
			isa = PBXNativeTarget;
			buildConfigurationList = 45E8CC7C225E8061004147BF /* Build configuration list for PBXNativeTarget "yorha-client-ios" */;
			buildPhases = (
				45E8CC63225E8060004147BF /* Sources */,
				45E8CC64225E8060004147BF /* Frameworks */,
				45E8CC65225E8060004147BF /* Resources */,
			);
			buildRules = (
			);
			dependencies = (
			);
			name = "yorha-client-ios";
			productName = "yorha-client-ios";
			productReference = 45E8CC67225E8060004147BF /* yorha-client-ios.app */;
			productType = "com.apple.product-type.application";
		};
/* End PBXNativeTarget section */

/* Begin PBXProject section */
		45E8CC5F225E8060004147BF /* Project object */ = {
			isa = PBXProject;
			attributes = {
				LastSwiftUpdateCheck = 1020;
				LastUpgradeCheck = 1020;
				ORGANIZATIONNAME = "Marco Vazquez";
				TargetAttributes = {
					45E8CC66225E8060004147BF = {
						CreatedOnToolsVersion = 10.2;
					};
				};
			};
			buildConfigurationList = 45E8CC62225E8060004147BF /* Build configuration list for PBXProject "yorha-client-ios" */;
			compatibilityVersion = "Xcode 10.0";
			developmentRegion = en;
			hasScannedForEncodings = 0;
			knownRegions = (
				en,
				Base,
			);
			mainGroup = 45E8CC5E225E8060004147BF;
			productRefGroup = 45E8CC68225E8060004147BF /* Products */;
			projectDirPath = "";
			projectRoot = "";
			targets = (
				45E8CC66225E8060004147BF /* yorha-client-ios */,
			);
		};
/* End PBXProject section */

/* Begin PBXResourcesBuildPhase section */
		45E8CC65225E8060004147BF /* Resources */ = {
			isa = PBXResourcesBuildPhase;
			buildActionMask = 2147483647;
			files = (
				4577D9E222751D53009D87C3 /* AutomataViewController.xib in Resources */,
				45E8CC78225E8061004147BF /* LaunchScreen.storyboard in Resources */,
				45E8CC75225E8061004147BF /* Assets.xcassets in Resources */,
				4556289E2273EFC800DE9685 /* PodProgramViewController.xib in Resources */,
				4577D9D522751CE4009D87C3 /* BossViewController.xib in Resources */,
				45E8CC70225E8060004147BF /* Main.storyboard in Resources */,
				455628622273EF4E00DE9685 /* WeaponViewController.xib in Resources */,
			);
			runOnlyForDeploymentPostprocessing = 0;
		};
/* End PBXResourcesBuildPhase section */

/* Begin PBXSourcesBuildPhase section */
		45E8CC63225E8060004147BF /* Sources */ = {
			isa = PBXSourcesBuildPhase;
			buildActionMask = 2147483647;
			files = (
				4556285F2273EF4E00DE9685 /* WeaponViewController.swift in Sources */,
				4556289B2273EFC800DE9685 /* PodProgramViewController.swift in Sources */,
				4577D9D222751CE4009D87C3 /* BossViewController.swift in Sources */,
				4577D9E022751D53009D87C3 /* AutomataProtocols.swift in Sources */,
				4577D9E122751D53009D87C3 /* AutomataInteractor.swift in Sources */,
				4556289D2273EFC800DE9685 /* PodProgramInteractor.swift in Sources */,
				4577D9DE22751D53009D87C3 /* AutomataRouter.swift in Sources */,
				4577D9D322751CE4009D87C3 /* BossProtocols.swift in Sources */,
				4577D9D022751CE4009D87C3 /* BossPresenter.swift in Sources */,
				4577D9DD22751D53009D87C3 /* AutomataPresenter.swift in Sources */,
				4556289C2273EFC800DE9685 /* PodProgramProtocols.swift in Sources */,
				4556285D2273EF4E00DE9685 /* WeaponPresenter.swift in Sources */,
				4577D9D122751CE4009D87C3 /* BossRouter.swift in Sources */,
				455628612273EF4E00DE9685 /* WeaponInteractor.swift in Sources */,
				455628602273EF4E00DE9685 /* WeaponProtocols.swift in Sources */,
				45E8CC6D225E8060004147BF /* ViewController.swift in Sources */,
				45E8CC6B225E8060004147BF /* AppDelegate.swift in Sources */,
				4556289A2273EFC800DE9685 /* PodProgramRouter.swift in Sources */,
				4556285E2273EF4E00DE9685 /* WeaponRouter.swift in Sources */,
				4577D9D422751CE4009D87C3 /* BossInteractor.swift in Sources */,
				45E8CC73225E8060004147BF /* yorha_client_ios.xcdatamodeld in Sources */,
				455628992273EFC800DE9685 /* PodProgramPresenter.swift in Sources */,
				4577D9DF22751D53009D87C3 /* AutomataViewController.swift in Sources */,
			);
			runOnlyForDeploymentPostprocessing = 0;
		};
/* End PBXSourcesBuildPhase section */

/* Begin PBXVariantGroup section */
		45E8CC6E225E8060004147BF /* Main.storyboard */ = {
			isa = PBXVariantGroup;
			children = (
				45E8CC6F225E8060004147BF /* Base */,
			);
			name = Main.storyboard;
			sourceTree = "<group>";
		};
		45E8CC76225E8061004147BF /* LaunchScreen.storyboard */ = {
			isa = PBXVariantGroup;
			children = (
				45E8CC77225E8061004147BF /* Base */,
			);
			name = LaunchScreen.storyboard;
			sourceTree = "<group>";
		};
/* End PBXVariantGroup section */

/* Begin XCBuildConfiguration section */
		45E8CC7A225E8061004147BF /* Debug */ = {
			isa = XCBuildConfiguration;
			buildSettings = {
				ALWAYS_SEARCH_USER_PATHS = NO;
				CLANG_ANALYZER_NONNULL = YES;
				CLANG_ANALYZER_NUMBER_OBJECT_CONVERSION = YES_AGGRESSIVE;
				CLANG_CXX_LANGUAGE_STANDARD = "gnu++14";
				CLANG_CXX_LIBRARY = "libc++";
				CLANG_ENABLE_MODULES = YES;
				CLANG_ENABLE_OBJC_ARC = YES;
				CLANG_ENABLE_OBJC_WEAK = YES;
				CLANG_WARN_BLOCK_CAPTURE_AUTORELEASING = YES;
				CLANG_WARN_BOOL_CONVERSION = YES;
				CLANG_WARN_COMMA = YES;
				CLANG_WARN_CONSTANT_CONVERSION = YES;
				CLANG_WARN_DEPRECATED_OBJC_IMPLEMENTATIONS = YES;
				CLANG_WARN_DIRECT_OBJC_ISA_USAGE = YES_ERROR;
				CLANG_WARN_DOCUMENTATION_COMMENTS = YES;
				CLANG_WARN_EMPTY_BODY = YES;
				CLANG_WARN_ENUM_CONVERSION = YES;
				CLANG_WARN_INFINITE_RECURSION = YES;
				CLANG_WARN_INT_CONVERSION = YES;
				CLANG_WARN_NON_LITERAL_NULL_CONVERSION = YES;
				CLANG_WARN_OBJC_IMPLICIT_RETAIN_SELF = YES;
				CLANG_WARN_OBJC_LITERAL_CONVERSION = YES;
				CLANG_WARN_OBJC_ROOT_CLASS = YES_ERROR;
				CLANG_WARN_RANGE_LOOP_ANALYSIS = YES;
				CLANG_WARN_STRICT_PROTOTYPES = YES;
				CLANG_WARN_SUSPICIOUS_MOVE = YES;
				CLANG_WARN_UNGUARDED_AVAILABILITY = YES_AGGRESSIVE;
				CLANG_WARN_UNREACHABLE_CODE = YES;
				CLANG_WARN__DUPLICATE_METHOD_MATCH = YES;
				CODE_SIGN_IDENTITY = "iPhone Developer";
				COPY_PHASE_STRIP = NO;
				DEBUG_INFORMATION_FORMAT = dwarf;
				ENABLE_STRICT_OBJC_MSGSEND = YES;
				ENABLE_TESTABILITY = YES;
				GCC_C_LANGUAGE_STANDARD = gnu11;
				GCC_DYNAMIC_NO_PIC = NO;
				GCC_NO_COMMON_BLOCKS = YES;
				GCC_OPTIMIZATION_LEVEL = 0;
				GCC_PREPROCESSOR_DEFINITIONS = (
					"DEBUG=1",
					"$(inherited)",
				);
				GCC_WARN_64_TO_32_BIT_CONVERSION = YES;
				GCC_WARN_ABOUT_RETURN_TYPE = YES_ERROR;
				GCC_WARN_UNDECLARED_SELECTOR = YES;
				GCC_WARN_UNINITIALIZED_AUTOS = YES_AGGRESSIVE;
				GCC_WARN_UNUSED_FUNCTION = YES;
				GCC_WARN_UNUSED_VARIABLE = YES;
				IPHONEOS_DEPLOYMENT_TARGET = 12.2;
				MTL_ENABLE_DEBUG_INFO = INCLUDE_SOURCE;
				MTL_FAST_MATH = YES;
				ONLY_ACTIVE_ARCH = YES;
				SDKROOT = iphoneos;
				SWIFT_ACTIVE_COMPILATION_CONDITIONS = DEBUG;
				SWIFT_OPTIMIZATION_LEVEL = "-Onone";
			};
			name = Debug;
		};
		45E8CC7B225E8061004147BF /* Release */ = {
			isa = XCBuildConfiguration;
			buildSettings = {
				ALWAYS_SEARCH_USER_PATHS = NO;
				CLANG_ANALYZER_NONNULL = YES;
				CLANG_ANALYZER_NUMBER_OBJECT_CONVERSION = YES_AGGRESSIVE;
				CLANG_CXX_LANGUAGE_STANDARD = "gnu++14";
				CLANG_CXX_LIBRARY = "libc++";
				CLANG_ENABLE_MODULES = YES;
				CLANG_ENABLE_OBJC_ARC = YES;
				CLANG_ENABLE_OBJC_WEAK = YES;
				CLANG_WARN_BLOCK_CAPTURE_AUTORELEASING = YES;
				CLANG_WARN_BOOL_CONVERSION = YES;
				CLANG_WARN_COMMA = YES;
				CLANG_WARN_CONSTANT_CONVERSION = YES;
				CLANG_WARN_DEPRECATED_OBJC_IMPLEMENTATIONS = YES;
				CLANG_WARN_DIRECT_OBJC_ISA_USAGE = YES_ERROR;
				CLANG_WARN_DOCUMENTATION_COMMENTS = YES;
				CLANG_WARN_EMPTY_BODY = YES;
				CLANG_WARN_ENUM_CONVERSION = YES;
				CLANG_WARN_INFINITE_RECURSION = YES;
				CLANG_WARN_INT_CONVERSION = YES;
				CLANG_WARN_NON_LITERAL_NULL_CONVERSION = YES;
				CLANG_WARN_OBJC_IMPLICIT_RETAIN_SELF = YES;
				CLANG_WARN_OBJC_LITERAL_CONVERSION = YES;
				CLANG_WARN_OBJC_ROOT_CLASS = YES_ERROR;
				CLANG_WARN_RANGE_LOOP_ANALYSIS = YES;
				CLANG_WARN_STRICT_PROTOTYPES = YES;
				CLANG_WARN_SUSPICIOUS_MOVE = YES;
				CLANG_WARN_UNGUARDED_AVAILABILITY = YES_AGGRESSIVE;
				CLANG_WARN_UNREACHABLE_CODE = YES;
				CLANG_WARN__DUPLICATE_METHOD_MATCH = YES;
				CODE_SIGN_IDENTITY = "iPhone Developer";
				COPY_PHASE_STRIP = NO;
				DEBUG_INFORMATION_FORMAT = "dwarf-with-dsym";
				ENABLE_NS_ASSERTIONS = NO;
				ENABLE_STRICT_OBJC_MSGSEND = YES;
				GCC_C_LANGUAGE_STANDARD = gnu11;
				GCC_NO_COMMON_BLOCKS = YES;
				GCC_WARN_64_TO_32_BIT_CONVERSION = YES;
				GCC_WARN_ABOUT_RETURN_TYPE = YES_ERROR;
				GCC_WARN_UNDECLARED_SELECTOR = YES;
				GCC_WARN_UNINITIALIZED_AUTOS = YES_AGGRESSIVE;
				GCC_WARN_UNUSED_FUNCTION = YES;
				GCC_WARN_UNUSED_VARIABLE = YES;
				IPHONEOS_DEPLOYMENT_TARGET = 12.2;
				MTL_ENABLE_DEBUG_INFO = NO;
				MTL_FAST_MATH = YES;
				SDKROOT = iphoneos;
				SWIFT_COMPILATION_MODE = wholemodule;
				SWIFT_OPTIMIZATION_LEVEL = "-O";
				VALIDATE_PRODUCT = YES;
			};
			name = Release;
		};
		45E8CC7D225E8061004147BF /* Debug */ = {
			isa = XCBuildConfiguration;
			buildSettings = {
				ASSETCATALOG_COMPILER_APPICON_NAME = AppIcon;
				CODE_SIGN_STYLE = Manual;
				DEVELOPMENT_TEAM = "";
				INFOPLIST_FILE = "yorha-client-ios/Info.plist";
				LD_RUNPATH_SEARCH_PATHS = (
					"$(inherited)",
					"@executable_path/Frameworks",
				);
				PRODUCT_BUNDLE_IDENTIFIER = "com.darkovr.yorha-client-ios";
				PRODUCT_NAME = "$(TARGET_NAME)";
				PROVISIONING_PROFILE_SPECIFIER = "";
				SWIFT_VERSION = 5.0;
				TARGETED_DEVICE_FAMILY = "1,2";
			};
			name = Debug;
		};
		45E8CC7E225E8061004147BF /* Release */ = {
			isa = XCBuildConfiguration;
			buildSettings = {
				ASSETCATALOG_COMPILER_APPICON_NAME = AppIcon;
				CODE_SIGN_STYLE = Manual;
				DEVELOPMENT_TEAM = "";
				INFOPLIST_FILE = "yorha-client-ios/Info.plist";
				LD_RUNPATH_SEARCH_PATHS = (
					"$(inherited)",
					"@executable_path/Frameworks",
				);
				PRODUCT_BUNDLE_IDENTIFIER = "com.darkovr.yorha-client-ios";
				PRODUCT_NAME = "$(TARGET_NAME)";
				PROVISIONING_PROFILE_SPECIFIER = "";
				SWIFT_VERSION = 5.0;
				TARGETED_DEVICE_FAMILY = "1,2";
			};
			name = Release;
		};
/* End XCBuildConfiguration section */

/* Begin XCConfigurationList section */
		45E8CC62225E8060004147BF /* Build configuration list for PBXProject "yorha-client-ios" */ = {
			isa = XCConfigurationList;
			buildConfigurations = (
				45E8CC7A225E8061004147BF /* Debug */,
				45E8CC7B225E8061004147BF /* Release */,
			);
			defaultConfigurationIsVisible = 0;
			defaultConfigurationName = Release;
		};
		45E8CC7C225E8061004147BF /* Build configuration list for PBXNativeTarget "yorha-client-ios" */ = {
			isa = XCConfigurationList;
			buildConfigurations = (
				45E8CC7D225E8061004147BF /* Debug */,
				45E8CC7E225E8061004147BF /* Release */,
			);
			defaultConfigurationIsVisible = 0;
			defaultConfigurationName = Release;
		};
/* End XCConfigurationList section */

/* Begin XCVersionGroup section */
		45E8CC71225E8060004147BF /* yorha_client_ios.xcdatamodeld */ = {
			isa = XCVersionGroup;
			children = (
				45E8CC72225E8060004147BF /* yorha_client_ios.xcdatamodel */,
			);
			currentVersion = 45E8CC72225E8060004147BF /* yorha_client_ios.xcdatamodel */;
			path = yorha_client_ios.xcdatamodeld;
			sourceTree = "<group>";
			versionGroupType = wrapper.xcdatamodel;
		};
/* End XCVersionGroup section */
	};
	rootObject = 45E8CC5F225E8060004147BF /* Project object */;
}
